
Microsoft Visual Studio Solution File, Format Version 12.00
# Visual Studio Version 16
VisualStudioVersion = 16.0.30717.126
MinimumVisualStudioVersion = 10.0.40219.1
Project("{9A19103F-16F7-4668-BE54-9A1E7A4F7556}") = "TensorFlowServingCSharpClientNet5", "TensorFlowServingCSharpClientNet5\TensorFlowServingCSharpClientNet5.csproj", "{8F963592-DC92-4843-92C0-B01E4621F09E}"
EndProject
Project("{9A19103F-16F7-4668-BE54-9A1E7A4F7556}") = "TensorFlowServingClient", "TensorFlowServingClient\TensorFlowServingClient.csproj", "{1356093F-E5B2-4187-9B35-49B9EB4B1E61}"
EndProject
Global
	GlobalSection(SolutionConfigurationPlatforms) = preSolution
		Debug|Any CPU = Debug|Any CPU
		Release|Any CPU = Release|Any CPU
	EndGlobalSection
	GlobalSection(ProjectConfigurationPlatforms) = postSolution
		{8F963592-DC92-4843-92C0-B01E4621F09E}.Debug|Any CPU.ActiveCfg = Debug|Any CPU
		{8F963592-DC92-4843-92C0-B01E4621F09E}.Debug|Any CPU.Build.0 = Debug|Any CPU
		{8F963592-DC92-4843-92C0-B01E4621F09E}.Release|Any CPU.ActiveCfg = Release|Any CPU
		{8F963592-DC92-4843-92C0-B01E4621F09E}.Release|Any CPU.Build.0 = Release|Any CPU
		{1356093F-E5B2-4187-9B35-49B9EB4B1E61}.Debug|Any CPU.ActiveCfg = Debug|Any CPU
		{1356093F-E5B2-4187-9B35-49B9EB4B1E61}.Debug|Any CPU.Build.0 = Debug|Any CPU
		{1356093F-E5B2-4187-9B35-49B9EB4B1E61}.Release|Any CPU.ActiveCfg = Release|Any CPU
		{1356093F-E5B2-4187-9B35-49B9EB4B1E61}.Release|Any CPU.Build.0 = Release|Any CPU
	EndGlobalSection
	GlobalSection(SolutionProperties) = preSolution
		HideSolutionNode = FALSE
	EndGlobalSection
	GlobalSection(ExtensibilityGlobals) = postSolution
		SolutionGuid = {4EE11B19-6898-49D6-906B-A7FFFABF2FB6}
	EndGlobalSection
EndGlobal
